
Microsoft Visual Studio Solution File, Format Version 12.00
# Visual Studio 15
Project("{FAE04EC0-301F-11D3-BF4B-00C04F79EFBC}") = "ImeWlConverterCmd", "ImeWlConverterCmd.csproj", "{2FFC32FA-1520-471A-945C-A9F0E23A0CBF}"
EndProject
Global
	GlobalSection(SolutionConfigurationPlatforms) = preSolution
		Debug|Any CPU = Debug|Any CPU
		Release|Any CPU = Release|Any CPU
	EndGlobalSection
	GlobalSection(ProjectConfigurationPlatforms) = postSolution
		{2FFC32FA-1520-471A-945C-A9F0E23A0CBF}.Debug|Any CPU.ActiveCfg = Debug|Any CPU
		{2FFC32FA-1520-471A-945C-A9F0E23A0CBF}.Debug|Any CPU.Build.0 = Debug|Any CPU
		{2FFC32FA-1520-471A-945C-A9F0E23A0CBF}.Release|Any CPU.ActiveCfg = Release|Any CPU
		{2FFC32FA-1520-471A-945C-A9F0E23A0CBF}.Release|Any CPU.Build.0 = Release|Any CPU
	EndGlobalSection
EndGlobal
