
Microsoft Visual Studio Solution File, Format Version 11.00
# Visual Studio 2010
Project("{FAE04EC0-301F-11D3-BF4B-00C04F79EFBC}") = "IME WL Converter Mac", "IME WL Converter Mac.csproj", "{736D1A59-B755-4805-B0C7-F62EC12EB704}"
EndProject
Global
	GlobalSection(SolutionConfigurationPlatforms) = preSolution
		Debug|Any CPU = Debug|Any CPU
		Release|Any CPU = Release|Any CPU
	EndGlobalSection
	GlobalSection(ProjectConfigurationPlatforms) = postSolution
		{736D1A59-B755-4805-B0C7-F62EC12EB704}.Debug|Any CPU.ActiveCfg = Debug|Any CPU
		{736D1A59-B755-4805-B0C7-F62EC12EB704}.Debug|Any CPU.Build.0 = Debug|Any CPU
		{736D1A59-B755-4805-B0C7-F62EC12EB704}.Release|Any CPU.ActiveCfg = Release|Any CPU
		{736D1A59-B755-4805-B0C7-F62EC12EB704}.Release|Any CPU.Build.0 = Release|Any CPU
	EndGlobalSection
EndGlobal
